<?xml version="1.0" encoding="UTF-8"?>
<!DOCTYPE plist PUBLIC "-//Apple//DTD PLIST 1.0//EN" "http://www.apple.com/DTDs/PropertyList-1.0.dtd">
<plist version="1.0">
<dict>
	<key>archiveVersion</key>
	<string>1</string>
	<key>classes</key>
	<dict/>
	<key>objectVersion</key>
	<string>46</string>
	<key>objects</key>
	<dict>
		<key>1C52802A03B34C639CF2F6D8</key>
		<dict>
			<key>includeInIndex</key>
			<string>1</string>
			<key>isa</key>
			<string>PBXFileReference</string>
			<key>lastKnownFileType</key>
			<string>text.xcconfig</string>
			<key>name</key>
			<string>Pods.xcconfig</string>
			<key>path</key>
			<string>Pods/Pods.xcconfig</string>
			<key>sourceTree</key>
			<string>&lt;group&gt;</string>
		</dict>
		<key>359181FFB5034052A0EA53F0</key>
		<dict>
			<key>fileRef</key>
			<string>7F25446731F043D681901659</string>
			<key>isa</key>
			<string>PBXBuildFile</string>
		</dict>
		<key>4310FBD818C727DD00A9DDAA</key>
		<dict>
			<key>fileEncoding</key>
			<string>4</string>
			<key>isa</key>
			<string>PBXFileReference</string>
			<key>lastKnownFileType</key>
			<string>sourcecode.c.h</string>
			<key>path</key>
			<string>BusViewController.h</string>
			<key>sourceTree</key>
			<string>&lt;group&gt;</string>
		</dict>
		<key>4310FBD918C727DD00A9DDAA</key>
		<dict>
			<key>fileEncoding</key>
			<string>4</string>
			<key>isa</key>
			<string>PBXFileReference</string>
			<key>lastKnownFileType</key>
			<string>sourcecode.c.objc</string>
			<key>path</key>
			<string>BusViewController.m</string>
			<key>sourceTree</key>
			<string>&lt;group&gt;</string>
		</dict>
		<key>4310FBDA18C727DD00A9DDAA</key>
		<dict>
			<key>fileEncoding</key>
			<string>4</string>
			<key>isa</key>
			<string>PBXFileReference</string>
			<key>lastKnownFileType</key>
			<string>file.xib</string>
			<key>path</key>
			<string>BusViewController.xib</string>
			<key>sourceTree</key>
			<string>&lt;group&gt;</string>
		</dict>
		<key>4310FBDB18C727DD00A9DDAA</key>
		<dict>
			<key>fileRef</key>
			<string>4310FBD918C727DD00A9DDAA</string>
			<key>isa</key>
			<string>PBXBuildFile</string>
		</dict>
		<key>4310FBDC18C727DD00A9DDAA</key>
		<dict>
			<key>fileRef</key>
			<string>4310FBDA18C727DD00A9DDAA</string>
			<key>isa</key>
			<string>PBXBuildFile</string>
		</dict>
		<key>4310FBDD18C7337900A9DDAA</key>
		<dict>
			<key>fileEncoding</key>
			<string>4</string>
			<key>isa</key>
			<string>PBXFileReference</string>
			<key>lastKnownFileType</key>
			<string>sourcecode.c.h</string>
			<key>path</key>
			<string>BusTableView.h</string>
			<key>sourceTree</key>
			<string>&lt;group&gt;</string>
		</dict>
		<key>4310FBDE18C7337900A9DDAA</key>
		<dict>
			<key>fileEncoding</key>
			<string>4</string>
			<key>isa</key>
			<string>PBXFileReference</string>
			<key>lastKnownFileType</key>
			<string>sourcecode.c.objc</string>
			<key>path</key>
			<string>BusTableView.m</string>
			<key>sourceTree</key>
			<string>&lt;group&gt;</string>
		</dict>
		<key>4310FBDF18C7337900A9DDAA</key>
		<dict>
			<key>fileRef</key>
			<string>4310FBDE18C7337900A9DDAA</string>
			<key>isa</key>
			<string>PBXBuildFile</string>
		</dict>
		<key>433F27E118C7234D00E87636</key>
		<dict>
			<key>fileEncoding</key>
			<string>4</string>
			<key>isa</key>
			<string>PBXFileReference</string>
			<key>lastKnownFileType</key>
			<string>text.xml</string>
			<key>path</key>
			<string>bus.xml</string>
			<key>sourceTree</key>
			<string>&lt;group&gt;</string>
		</dict>
		<key>433F27E218C7234D00E87636</key>
		<dict>
			<key>fileRef</key>
			<string>433F27E118C7234D00E87636</string>
			<key>isa</key>
			<string>PBXBuildFile</string>
		</dict>
		<key>4368CA9618B5FF8C008C7ACD</key>
		<dict>
			<key>isa</key>
			<string>PBXFileReference</string>
			<key>lastKnownFileType</key>
			<string>wrapper.framework</string>
			<key>name</key>
			<string>MapKit.framework</string>
			<key>path</key>
			<string>System/Library/Frameworks/MapKit.framework</string>
			<key>sourceTree</key>
			<string>SDKROOT</string>
		</dict>
		<key>4368CA9718B5FF8C008C7ACD</key>
		<dict>
			<key>fileRef</key>
			<string>4368CA9618B5FF8C008C7ACD</string>
			<key>isa</key>
			<string>PBXBuildFile</string>
		</dict>
		<key>4368CA9B18B60985008C7ACD</key>
		<dict>
			<key>fileEncoding</key>
			<string>4</string>
			<key>isa</key>
			<string>PBXFileReference</string>
			<key>lastKnownFileType</key>
			<string>sourcecode.c.h</string>
			<key>path</key>
			<string>Campus.h</string>
			<key>sourceTree</key>
			<string>&lt;group&gt;</string>
		</dict>
		<key>4368CA9C18B60985008C7ACD</key>
		<dict>
			<key>fileEncoding</key>
			<string>4</string>
			<key>isa</key>
			<string>PBXFileReference</string>
			<key>lastKnownFileType</key>
			<string>sourcecode.c.objc</string>
			<key>path</key>
			<string>Campus.m</string>
			<key>sourceTree</key>
			<string>&lt;group&gt;</string>
		</dict>
		<key>4368CA9D18B60985008C7ACD</key>
		<dict>
			<key>fileRef</key>
			<string>4368CA9C18B60985008C7ACD</string>
			<key>isa</key>
			<string>PBXBuildFile</string>
		</dict>
		<key>43B9C5F218B75217001A3D75</key>
		<dict>
			<key>fileEncoding</key>
			<string>4</string>
			<key>isa</key>
			<string>PBXFileReference</string>
			<key>lastKnownFileType</key>
			<string>text.plist.xml</string>
			<key>path</key>
			<string>mapServices.plist</string>
			<key>sourceTree</key>
			<string>&lt;group&gt;</string>
		</dict>
		<key>43B9C5F318B75217001A3D75</key>
		<dict>
			<key>fileRef</key>
			<string>43B9C5F218B75217001A3D75</string>
			<key>isa</key>
			<string>PBXBuildFile</string>
		</dict>
		<key>43E6FD2818AE2ED1004F709B</key>
		<dict>
			<key>children</key>
			<array>
				<string>43E6FD4118AE2FD3004F709B</string>
				<string>43E6FD4218AE2FD3004F709B</string>
				<string>43E6FD4318AE2FD3004F709B</string>
			</array>
			<key>isa</key>
			<string>PBXGroup</string>
			<key>name</key>
			<string>Suaps</string>
			<key>sourceTree</key>
			<string>&lt;group&gt;</string>
		</dict>
		<key>43E6FD2918AE2EDB004F709B</key>
		<dict>
			<key>children</key>
			<array>
				<string>43E6FD2D18AE2F52004F709B</string>
				<string>43E6FD2E18AE2F52004F709B</string>
				<string>43E6FD2F18AE2F52004F709B</string>
			</array>
			<key>isa</key>
			<string>PBXGroup</string>
			<key>name</key>
			<string>JobDating</string>
			<key>sourceTree</key>
			<string>&lt;group&gt;</string>
		</dict>
		<key>43E6FD2A18AE2EE8004F709B</key>
		<dict>
			<key>children</key>
			<array>
				<string>43E6FD3218AE2F62004F709B</string>
				<string>43E6FD3318AE2F62004F709B</string>
				<string>43E6FD3418AE2F62004F709B</string>
				<string>4368CA9B18B60985008C7ACD</string>
				<string>4368CA9C18B60985008C7ACD</string>
				<string>433F27E118C7234D00E87636</string>
				<string>43B9C5F218B75217001A3D75</string>
				<string>4310FBD818C727DD00A9DDAA</string>
				<string>4310FBD918C727DD00A9DDAA</string>
				<string>4310FBDA18C727DD00A9DDAA</string>
				<string>4310FBDD18C7337900A9DDAA</string>
				<string>4310FBDE18C7337900A9DDAA</string>
			</array>
			<key>isa</key>
			<string>PBXGroup</string>
			<key>name</key>
			<string>Map</string>
			<key>sourceTree</key>
			<string>&lt;group&gt;</string>
		</dict>
		<key>43E6FD2B18AE2F2C004F709B</key>
		<dict>
			<key>children</key>
			<array>
				<string>43E6FD3718AE2F74004F709B</string>
				<string>43E6FD3818AE2F74004F709B</string>
				<string>43E6FD3918AE2F74004F709B</string>
			</array>
			<key>isa</key>
			<string>PBXGroup</string>
			<key>name</key>
			<string>Notes</string>
			<key>sourceTree</key>
			<string>&lt;group&gt;</string>
		</dict>
		<key>43E6FD2C18AE2F38004F709B</key>
		<dict>
			<key>children</key>
			<array>
				<string>43E6FD3C18AE2F88004F709B</string>
				<string>43E6FD3D18AE2F88004F709B</string>
				<string>43E6FD3E18AE2F88004F709B</string>
			</array>
			<key>isa</key>
			<string>PBXGroup</string>
			<key>name</key>
			<string>PostBac</string>
			<key>sourceTree</key>
			<string>&lt;group&gt;</string>
		</dict>
		<key>43E6FD2D18AE2F52004F709B</key>
		<dict>
			<key>fileEncoding</key>
			<string>4</string>
			<key>isa</key>
			<string>PBXFileReference</string>
			<key>lastKnownFileType</key>
			<string>sourcecode.c.h</string>
			<key>path</key>
			<string>JobDatingViewController.h</string>
			<key>sourceTree</key>
			<string>&lt;group&gt;</string>
		</dict>
		<key>43E6FD2E18AE2F52004F709B</key>
		<dict>
			<key>fileEncoding</key>
			<string>4</string>
			<key>isa</key>
			<string>PBXFileReference</string>
			<key>lastKnownFileType</key>
			<string>sourcecode.c.objc</string>
			<key>path</key>
			<string>JobDatingViewController.m</string>
			<key>sourceTree</key>
			<string>&lt;group&gt;</string>
		</dict>
		<key>43E6FD2F18AE2F52004F709B</key>
		<dict>
			<key>fileEncoding</key>
			<string>4</string>
			<key>isa</key>
			<string>PBXFileReference</string>
			<key>lastKnownFileType</key>
			<string>file.xib</string>
			<key>path</key>
			<string>JobDatingViewController.xib</string>
			<key>sourceTree</key>
			<string>&lt;group&gt;</string>
		</dict>
		<key>43E6FD3018AE2F52004F709B</key>
		<dict>
			<key>fileRef</key>
			<string>43E6FD2E18AE2F52004F709B</string>
			<key>isa</key>
			<string>PBXBuildFile</string>
		</dict>
		<key>43E6FD3118AE2F52004F709B</key>
		<dict>
			<key>fileRef</key>
			<string>43E6FD2F18AE2F52004F709B</string>
			<key>isa</key>
			<string>PBXBuildFile</string>
		</dict>
		<key>43E6FD3218AE2F62004F709B</key>
		<dict>
			<key>fileEncoding</key>
			<string>4</string>
			<key>isa</key>
			<string>PBXFileReference</string>
			<key>lastKnownFileType</key>
			<string>sourcecode.c.h</string>
			<key>path</key>
			<string>MapViewController.h</string>
			<key>sourceTree</key>
			<string>&lt;group&gt;</string>
		</dict>
		<key>43E6FD3318AE2F62004F709B</key>
		<dict>
			<key>fileEncoding</key>
			<string>4</string>
			<key>isa</key>
			<string>PBXFileReference</string>
			<key>lastKnownFileType</key>
			<string>sourcecode.c.objc</string>
			<key>path</key>
			<string>MapViewController.m</string>
			<key>sourceTree</key>
			<string>&lt;group&gt;</string>
		</dict>
		<key>43E6FD3418AE2F62004F709B</key>
		<dict>
			<key>fileEncoding</key>
			<string>4</string>
			<key>isa</key>
			<string>PBXFileReference</string>
			<key>lastKnownFileType</key>
			<string>file.xib</string>
			<key>path</key>
			<string>MapViewController.xib</string>
			<key>sourceTree</key>
			<string>&lt;group&gt;</string>
		</dict>
		<key>43E6FD3518AE2F62004F709B</key>
		<dict>
			<key>fileRef</key>
			<string>43E6FD3318AE2F62004F709B</string>
			<key>isa</key>
			<string>PBXBuildFile</string>
		</dict>
		<key>43E6FD3618AE2F62004F709B</key>
		<dict>
			<key>fileRef</key>
			<string>43E6FD3418AE2F62004F709B</string>
			<key>isa</key>
			<string>PBXBuildFile</string>
		</dict>
		<key>43E6FD3718AE2F74004F709B</key>
		<dict>
			<key>fileEncoding</key>
			<string>4</string>
			<key>isa</key>
			<string>PBXFileReference</string>
			<key>lastKnownFileType</key>
			<string>sourcecode.c.h</string>
			<key>path</key>
			<string>NotesViewController.h</string>
			<key>sourceTree</key>
			<string>&lt;group&gt;</string>
		</dict>
		<key>43E6FD3818AE2F74004F709B</key>
		<dict>
			<key>fileEncoding</key>
			<string>4</string>
			<key>isa</key>
			<string>PBXFileReference</string>
			<key>lastKnownFileType</key>
			<string>sourcecode.c.objc</string>
			<key>path</key>
			<string>NotesViewController.m</string>
			<key>sourceTree</key>
			<string>&lt;group&gt;</string>
		</dict>
		<key>43E6FD3918AE2F74004F709B</key>
		<dict>
			<key>fileEncoding</key>
			<string>4</string>
			<key>isa</key>
			<string>PBXFileReference</string>
			<key>lastKnownFileType</key>
			<string>file.xib</string>
			<key>path</key>
			<string>NotesViewController.xib</string>
			<key>sourceTree</key>
			<string>&lt;group&gt;</string>
		</dict>
		<key>43E6FD3A18AE2F74004F709B</key>
		<dict>
			<key>fileRef</key>
			<string>43E6FD3818AE2F74004F709B</string>
			<key>isa</key>
			<string>PBXBuildFile</string>
		</dict>
		<key>43E6FD3B18AE2F74004F709B</key>
		<dict>
			<key>fileRef</key>
			<string>43E6FD3918AE2F74004F709B</string>
			<key>isa</key>
			<string>PBXBuildFile</string>
		</dict>
		<key>43E6FD3C18AE2F88004F709B</key>
		<dict>
			<key>fileEncoding</key>
			<string>4</string>
			<key>isa</key>
			<string>PBXFileReference</string>
			<key>lastKnownFileType</key>
			<string>sourcecode.c.h</string>
			<key>path</key>
			<string>PostBacViewController.h</string>
			<key>sourceTree</key>
			<string>&lt;group&gt;</string>
		</dict>
		<key>43E6FD3D18AE2F88004F709B</key>
		<dict>
			<key>fileEncoding</key>
			<string>4</string>
			<key>isa</key>
			<string>PBXFileReference</string>
			<key>lastKnownFileType</key>
			<string>sourcecode.c.objc</string>
			<key>path</key>
			<string>PostBacViewController.m</string>
			<key>sourceTree</key>
			<string>&lt;group&gt;</string>
		</dict>
		<key>43E6FD3E18AE2F88004F709B</key>
		<dict>
			<key>fileEncoding</key>
			<string>4</string>
			<key>isa</key>
			<string>PBXFileReference</string>
			<key>lastKnownFileType</key>
			<string>file.xib</string>
			<key>path</key>
			<string>PostBacViewController.xib</string>
			<key>sourceTree</key>
			<string>&lt;group&gt;</string>
		</dict>
		<key>43E6FD3F18AE2F88004F709B</key>
		<dict>
			<key>fileRef</key>
			<string>43E6FD3D18AE2F88004F709B</string>
			<key>isa</key>
			<string>PBXBuildFile</string>
		</dict>
		<key>43E6FD4018AE2F88004F709B</key>
		<dict>
			<key>fileRef</key>
			<string>43E6FD3E18AE2F88004F709B</string>
			<key>isa</key>
			<string>PBXBuildFile</string>
		</dict>
		<key>43E6FD4118AE2FD3004F709B</key>
		<dict>
			<key>fileEncoding</key>
			<string>4</string>
			<key>isa</key>
			<string>PBXFileReference</string>
			<key>lastKnownFileType</key>
			<string>sourcecode.c.h</string>
			<key>path</key>
			<string>SUAPSViewController.h</string>
			<key>sourceTree</key>
			<string>&lt;group&gt;</string>
		</dict>
		<key>43E6FD4218AE2FD3004F709B</key>
		<dict>
			<key>fileEncoding</key>
			<string>4</string>
			<key>isa</key>
			<string>PBXFileReference</string>
			<key>lastKnownFileType</key>
			<string>sourcecode.c.objc</string>
			<key>path</key>
			<string>SUAPSViewController.m</string>
			<key>sourceTree</key>
			<string>&lt;group&gt;</string>
		</dict>
		<key>43E6FD4318AE2FD3004F709B</key>
		<dict>
			<key>fileEncoding</key>
			<string>4</string>
			<key>isa</key>
			<string>PBXFileReference</string>
			<key>lastKnownFileType</key>
			<string>file.xib</string>
			<key>path</key>
			<string>SUAPSViewController.xib</string>
			<key>sourceTree</key>
			<string>&lt;group&gt;</string>
		</dict>
		<key>43E6FD4418AE2FD3004F709B</key>
		<dict>
			<key>fileRef</key>
			<string>43E6FD4218AE2FD3004F709B</string>
			<key>isa</key>
			<string>PBXBuildFile</string>
		</dict>
		<key>43E6FD4518AE2FD3004F709B</key>
		<dict>
			<key>fileRef</key>
			<string>43E6FD4318AE2FD3004F709B</string>
			<key>isa</key>
			<string>PBXBuildFile</string>
		</dict>
		<key>43E6FD4618AE2FE7004F709B</key>
		<dict>
			<key>children</key>
			<array>
				<string>43E6FD4718AE2FF0004F709B</string>
				<string>43E6FD4818AE2FF0004F709B</string>
				<string>43E6FD4918AE2FF0004F709B</string>
			</array>
			<key>isa</key>
			<string>PBXGroup</string>
			<key>name</key>
			<string>Twitter</string>
			<key>sourceTree</key>
			<string>&lt;group&gt;</string>
		</dict>
		<key>43E6FD4718AE2FF0004F709B</key>
		<dict>
			<key>fileEncoding</key>
			<string>4</string>
			<key>isa</key>
			<string>PBXFileReference</string>
			<key>lastKnownFileType</key>
			<string>sourcecode.c.h</string>
			<key>path</key>
			<string>TwitterWebViewController.h</string>
			<key>sourceTree</key>
			<string>&lt;group&gt;</string>
		</dict>
		<key>43E6FD4818AE2FF0004F709B</key>
		<dict>
			<key>fileEncoding</key>
			<string>4</string>
			<key>isa</key>
			<string>PBXFileReference</string>
			<key>lastKnownFileType</key>
			<string>sourcecode.c.objc</string>
			<key>path</key>
			<string>TwitterWebViewController.m</string>
			<key>sourceTree</key>
			<string>&lt;group&gt;</string>
		</dict>
		<key>43E6FD4918AE2FF0004F709B</key>
		<dict>
			<key>fileEncoding</key>
			<string>4</string>
			<key>isa</key>
			<string>PBXFileReference</string>
			<key>lastKnownFileType</key>
			<string>file.xib</string>
			<key>path</key>
			<string>TwitterWebViewController.xib</string>
			<key>sourceTree</key>
			<string>&lt;group&gt;</string>
		</dict>
		<key>43E6FD4A18AE2FF0004F709B</key>
		<dict>
			<key>fileRef</key>
			<string>43E6FD4818AE2FF0004F709B</string>
			<key>isa</key>
			<string>PBXBuildFile</string>
		</dict>
		<key>43E6FD4B18AE2FF0004F709B</key>
		<dict>
			<key>fileRef</key>
			<string>43E6FD4918AE2FF0004F709B</string>
			<key>isa</key>
			<string>PBXBuildFile</string>
		</dict>
		<key>43E6FD4C18AE305B004F709B</key>
		<dict>
			<key>children</key>
			<array>
				<string>43E6FD4D18AE3076004F709B</string>
				<string>43E6FD4E18AE3076004F709B</string>
				<string>43E6FD4F18AE3076004F709B</string>
			</array>
			<key>isa</key>
			<string>PBXGroup</string>
			<key>name</key>
			<string>Annuaire</string>
			<key>sourceTree</key>
			<string>&lt;group&gt;</string>
		</dict>
		<key>43E6FD4D18AE3076004F709B</key>
		<dict>
			<key>fileEncoding</key>
			<string>4</string>
			<key>isa</key>
			<string>PBXFileReference</string>
			<key>lastKnownFileType</key>
			<string>sourcecode.c.h</string>
			<key>path</key>
			<string>AnnuaireViewController.h</string>
			<key>sourceTree</key>
			<string>&lt;group&gt;</string>
		</dict>
		<key>43E6FD4E18AE3076004F709B</key>
		<dict>
			<key>fileEncoding</key>
			<string>4</string>
			<key>isa</key>
			<string>PBXFileReference</string>
			<key>lastKnownFileType</key>
			<string>sourcecode.c.objc</string>
			<key>path</key>
			<string>AnnuaireViewController.m</string>
			<key>sourceTree</key>
			<string>&lt;group&gt;</string>
		</dict>
		<key>43E6FD4F18AE3076004F709B</key>
		<dict>
			<key>fileEncoding</key>
			<string>4</string>
			<key>isa</key>
			<string>PBXFileReference</string>
			<key>lastKnownFileType</key>
			<string>file.xib</string>
			<key>path</key>
			<string>AnnuaireViewController.xib</string>
			<key>sourceTree</key>
			<string>&lt;group&gt;</string>
		</dict>
		<key>43E6FD5018AE3076004F709B</key>
		<dict>
			<key>fileRef</key>
			<string>43E6FD4E18AE3076004F709B</string>
			<key>isa</key>
			<string>PBXBuildFile</string>
		</dict>
		<key>43E6FD5118AE3076004F709B</key>
		<dict>
			<key>fileRef</key>
			<string>43E6FD4F18AE3076004F709B</string>
			<key>isa</key>
			<string>PBXBuildFile</string>
		</dict>
		<key>43E6FD5218AE3086004F709B</key>
		<dict>
			<key>children</key>
			<array>
				<string>43E6FD5318AE3094004F709B</string>
				<string>43E6FD5418AE3094004F709B</string>
				<string>43E6FD5518AE3094004F709B</string>
			</array>
			<key>isa</key>
			<string>PBXGroup</string>
			<key>name</key>
			<string>EDT</string>
			<key>sourceTree</key>
			<string>&lt;group&gt;</string>
		</dict>
		<key>43E6FD5318AE3094004F709B</key>
		<dict>
			<key>fileEncoding</key>
			<string>4</string>
			<key>isa</key>
			<string>PBXFileReference</string>
			<key>lastKnownFileType</key>
			<string>sourcecode.c.h</string>
			<key>path</key>
			<string>EDTViewController.h</string>
			<key>sourceTree</key>
			<string>&lt;group&gt;</string>
		</dict>
		<key>43E6FD5418AE3094004F709B</key>
		<dict>
			<key>fileEncoding</key>
			<string>4</string>
			<key>isa</key>
			<string>PBXFileReference</string>
			<key>lastKnownFileType</key>
			<string>sourcecode.c.objc</string>
			<key>path</key>
			<string>EDTViewController.m</string>
			<key>sourceTree</key>
			<string>&lt;group&gt;</string>
		</dict>
		<key>43E6FD5518AE3094004F709B</key>
		<dict>
			<key>fileEncoding</key>
			<string>4</string>
			<key>isa</key>
			<string>PBXFileReference</string>
			<key>lastKnownFileType</key>
			<string>file.xib</string>
			<key>path</key>
			<string>EDTViewController.xib</string>
			<key>sourceTree</key>
			<string>&lt;group&gt;</string>
		</dict>
		<key>43E6FD5618AE3094004F709B</key>
		<dict>
			<key>fileRef</key>
			<string>43E6FD5418AE3094004F709B</string>
			<key>isa</key>
			<string>PBXBuildFile</string>
		</dict>
		<key>43E6FD5718AE3094004F709B</key>
		<dict>
			<key>fileRef</key>
			<string>43E6FD5518AE3094004F709B</string>
			<key>isa</key>
			<string>PBXBuildFile</string>
		</dict>
		<key>7F25446731F043D681901659</key>
		<dict>
			<key>explicitFileType</key>
			<string>archive.ar</string>
			<key>includeInIndex</key>
			<string>0</string>
			<key>isa</key>
			<string>PBXFileReference</string>
			<key>path</key>
			<string>libPods.a</string>
			<key>sourceTree</key>
			<string>BUILT_PRODUCTS_DIR</string>
		</dict>
		<key>8A2A3FC8E7884F41B4941741</key>
		<dict>
			<key>buildActionMask</key>
			<string>2147483647</string>
			<key>files</key>
			<array/>
			<key>inputPaths</key>
			<array/>
			<key>isa</key>
			<string>PBXShellScriptBuildPhase</string>
			<key>name</key>
			<string>Copy Pods Resources</string>
			<key>outputPaths</key>
			<array/>
			<key>runOnlyForDeploymentPostprocessing</key>
			<string>0</string>
			<key>shellPath</key>
			<string>/bin/sh</string>
			<key>shellScript</key>
			<string>"${SRCROOT}/Pods/Pods-resources.sh"
</string>
			<key>showEnvVarsInLog</key>
			<string>0</string>
		</dict>
		<key>92138DA9189260B1000488BC</key>
		<dict>
			<key>children</key>
			<array>
				<string>92138DBB189260B1000488BC</string>
				<string>92138DDD189260B2000488BC</string>
				<string>92138DB4189260B1000488BC</string>
				<string>92138DB3189260B1000488BC</string>
				<string>1C52802A03B34C639CF2F6D8</string>
			</array>
			<key>isa</key>
			<string>PBXGroup</string>
			<key>sourceTree</key>
			<string>&lt;group&gt;</string>
		</dict>
		<key>92138DAA189260B1000488BC</key>
		<dict>
			<key>attributes</key>
			<dict>
				<key>LastUpgradeCheck</key>
				<string>0500</string>
				<key>ORGANIZATIONNAME</key>
				<string>UNS</string>
				<key>TargetAttributes</key>
				<dict>
					<key>92138DD5189260B2000488BC</key>
					<dict>
						<key>TestTargetID</key>
						<string>92138DB1189260B1000488BC</string>
					</dict>
				</dict>
			</dict>
			<key>buildConfigurationList</key>
			<string>92138DAD189260B1000488BC</string>
			<key>compatibilityVersion</key>
			<string>Xcode 3.2</string>
			<key>developmentRegion</key>
			<string>English</string>
			<key>hasScannedForEncodings</key>
			<string>0</string>
			<key>isa</key>
			<string>PBXProject</string>
			<key>knownRegions</key>
			<array>
				<string>en</string>
				<string>Base</string>
			</array>
			<key>mainGroup</key>
			<string>92138DA9189260B1000488BC</string>
			<key>productRefGroup</key>
			<string>92138DB3189260B1000488BC</string>
			<key>projectDirPath</key>
			<string></string>
			<key>projectReferences</key>
			<array/>
			<key>projectRoot</key>
			<string></string>
			<key>targets</key>
			<array>
				<string>92138DB1189260B1000488BC</string>
				<string>92138DD5189260B2000488BC</string>
			</array>
		</dict>
		<key>92138DAD189260B1000488BC</key>
		<dict>
			<key>buildConfigurations</key>
			<array>
				<string>92138DE5189260B2000488BC</string>
				<string>92138DE6189260B2000488BC</string>
			</array>
			<key>defaultConfigurationIsVisible</key>
			<string>0</string>
			<key>defaultConfigurationName</key>
			<string>Release</string>
			<key>isa</key>
			<string>XCConfigurationList</string>
		</dict>
		<key>92138DAE189260B1000488BC</key>
		<dict>
			<key>buildActionMask</key>
			<string>2147483647</string>
			<key>files</key>
			<array>
				<string>43E6FD3A18AE2F74004F709B</string>
				<string>4310FBDB18C727DD00A9DDAA</string>
				<string>4310FBDF18C7337900A9DDAA</string>
				<string>92138DC6189260B1000488BC</string>
				<string>43E6FD3F18AE2F88004F709B</string>
				<string>43E6FD3018AE2F52004F709B</string>
				<string>9257A1AF18AE3E5500CDECF4</string>
				<string>92A53D0618ACC24D0047DA1E</string>
				<string>92CC9CB118B5FC65001D0E6E</string>
				<string>929E0149189B9BC900694030</string>
				<string>43E6FD5618AE3094004F709B</string>
				<string>92A53D0B18ACD3CC0047DA1E</string>
				<string>92138DC2189260B1000488BC</string>
				<string>43E6FD4A18AE2FF0004F709B</string>
				<string>43E6FD5018AE3076004F709B</string>
				<string>43E6FD3518AE2F62004F709B</string>
				<string>4368CA9D18B60985008C7ACD</string>
				<string>43E6FD4418AE2FD3004F709B</string>
				<string>92139A8618B74D2700FF0157</string>
			</array>
			<key>isa</key>
			<string>PBXSourcesBuildPhase</string>
			<key>runOnlyForDeploymentPostprocessing</key>
			<string>0</string>
		</dict>
		<key>92138DAF189260B1000488BC</key>
		<dict>
			<key>buildActionMask</key>
			<string>2147483647</string>
			<key>files</key>
			<array>
				<string>4368CA9718B5FF8C008C7ACD</string>
				<string>92138DB8189260B1000488BC</string>
				<string>92138DBA189260B1000488BC</string>
				<string>92138DB6189260B1000488BC</string>
				<string>359181FFB5034052A0EA53F0</string>
			</array>
			<key>isa</key>
			<string>PBXFrameworksBuildPhase</string>
			<key>runOnlyForDeploymentPostprocessing</key>
			<string>0</string>
		</dict>
		<key>92138DB0189260B1000488BC</key>
		<dict>
			<key>buildActionMask</key>
			<string>2147483647</string>
			<key>files</key>
			<array>
				<string>92A53D3418AD0BCD0047DA1E</string>
				<string>929E0167189BA45900694030</string>
				<string>43E6FD4518AE2FD3004F709B</string>
				<string>43E6FD3118AE2F52004F709B</string>
				<string>92138DD1189260B2000488BC</string>
				<string>9257A1A618AE309900CDECF4</string>
				<string>929E0174189BA45900694030</string>
				<string>929E016E189BA45900694030</string>
				<string>929E0178189BA45900694030</string>
				<string>92139A8718B74D2700FF0157</string>
				<string>92A53D2E18AD0B7B0047DA1E</string>
				<string>43E6FD4B18AE2FF0004F709B</string>
				<string>43E6FD5118AE3076004F709B</string>
				<string>4310FBDC18C727DD00A9DDAA</string>
				<string>92A53D3318AD0BCD0047DA1E</string>
				<string>43E6FD3618AE2F62004F709B</string>
				<string>433F27E218C7234D00E87636</string>
				<string>92A53D0C18ACD3CC0047DA1E</string>
				<string>929E014A189B9BC900694030</string>
				<string>92A53D3818AD0C8F0047DA1E</string>
				<string>929E016A189BA45900694030</string>
				<string>92A53D3518AD0BCD0047DA1E</string>
				<string>43E6FD5718AE3094004F709B</string>
				<string>929E0166189BA45900694030</string>
				<string>929E0168189BA45900694030</string>
				<string>9257A1B018AE3E5500CDECF4</string>
				<string>929E0170189BA45900694030</string>
				<string>9246DA1618A513BD0087E126</string>
				<string>9246DA1818A516BB0087E126</string>
				<string>92138DC0189260B1000488BC</string>
				<string>43E6FD4018AE2F88004F709B</string>
				<string>92A53D3618AD0BCD0047DA1E</string>
				<string>43E6FD3B18AE2F74004F709B</string>
				<string>43B9C5F318B75217001A3D75</string>
			</array>
			<key>isa</key>
			<string>PBXResourcesBuildPhase</string>
			<key>runOnlyForDeploymentPostprocessing</key>
			<string>0</string>
		</dict>
		<key>92138DB1189260B1000488BC</key>
		<dict>
			<key>buildConfigurationList</key>
			<string>92138DE7189260B2000488BC</string>
			<key>buildPhases</key>
			<array>
				<string>D0D90B92A1624396950A50E8</string>
				<string>92138DAE189260B1000488BC</string>
				<string>92138DAF189260B1000488BC</string>
				<string>92138DB0189260B1000488BC</string>
				<string>8A2A3FC8E7884F41B4941741</string>
			</array>
			<key>buildRules</key>
			<array/>
			<key>dependencies</key>
			<array/>
			<key>isa</key>
			<string>PBXNativeTarget</string>
			<key>name</key>
			<string>IUTUnice</string>
			<key>productName</key>
			<string>IUTUnice</string>
			<key>productReference</key>
			<string>92138DB2189260B1000488BC</string>
			<key>productType</key>
			<string>com.apple.product-type.application</string>
		</dict>
		<key>92138DB2189260B1000488BC</key>
		<dict>
			<key>explicitFileType</key>
			<string>wrapper.application</string>
			<key>includeInIndex</key>
			<string>0</string>
			<key>isa</key>
			<string>PBXFileReference</string>
			<key>path</key>
			<string>IUTUnice.app</string>
			<key>sourceTree</key>
			<string>BUILT_PRODUCTS_DIR</string>
		</dict>
		<key>92138DB3189260B1000488BC</key>
		<dict>
			<key>children</key>
			<array>
				<string>92138DB2189260B1000488BC</string>
				<string>92138DD6189260B2000488BC</string>
			</array>
			<key>isa</key>
			<string>PBXGroup</string>
			<key>name</key>
			<string>Products</string>
			<key>sourceTree</key>
			<string>&lt;group&gt;</string>
		</dict>
		<key>92138DB4189260B1000488BC</key>
		<dict>
			<key>children</key>
			<array>
				<string>4368CA9618B5FF8C008C7ACD</string>
				<string>92138DB5189260B1000488BC</string>
				<string>92138DB7189260B1000488BC</string>
				<string>92138DB9189260B1000488BC</string>
				<string>92138DD7189260B2000488BC</string>
				<string>7F25446731F043D681901659</string>
			</array>
			<key>isa</key>
			<string>PBXGroup</string>
			<key>name</key>
			<string>Frameworks</string>
			<key>sourceTree</key>
			<string>&lt;group&gt;</string>
		</dict>
		<key>92138DB5189260B1000488BC</key>
		<dict>
			<key>isa</key>
			<string>PBXFileReference</string>
			<key>lastKnownFileType</key>
			<string>wrapper.framework</string>
			<key>name</key>
			<string>Foundation.framework</string>
			<key>path</key>
			<string>System/Library/Frameworks/Foundation.framework</string>
			<key>sourceTree</key>
			<string>SDKROOT</string>
		</dict>
		<key>92138DB6189260B1000488BC</key>
		<dict>
			<key>fileRef</key>
			<string>92138DB5189260B1000488BC</string>
			<key>isa</key>
			<string>PBXBuildFile</string>
		</dict>
		<key>92138DB7189260B1000488BC</key>
		<dict>
			<key>isa</key>
			<string>PBXFileReference</string>
			<key>lastKnownFileType</key>
			<string>wrapper.framework</string>
			<key>name</key>
			<string>CoreGraphics.framework</string>
			<key>path</key>
			<string>System/Library/Frameworks/CoreGraphics.framework</string>
			<key>sourceTree</key>
			<string>SDKROOT</string>
		</dict>
		<key>92138DB8189260B1000488BC</key>
		<dict>
			<key>fileRef</key>
			<string>92138DB7189260B1000488BC</string>
			<key>isa</key>
			<string>PBXBuildFile</string>
		</dict>
		<key>92138DB9189260B1000488BC</key>
		<dict>
			<key>isa</key>
			<string>PBXFileReference</string>
			<key>lastKnownFileType</key>
			<string>wrapper.framework</string>
			<key>name</key>
			<string>UIKit.framework</string>
			<key>path</key>
			<string>System/Library/Frameworks/UIKit.framework</string>
			<key>sourceTree</key>
			<string>SDKROOT</string>
		</dict>
		<key>92138DBA189260B1000488BC</key>
		<dict>
			<key>fileRef</key>
			<string>92138DB9189260B1000488BC</string>
			<key>isa</key>
			<string>PBXBuildFile</string>
		</dict>
		<key>92138DBB189260B1000488BC</key>
		<dict>
			<key>children</key>
			<array>
				<string>43E6FD5218AE3086004F709B</string>
				<string>43E6FD4C18AE305B004F709B</string>
				<string>43E6FD4618AE2FE7004F709B</string>
				<string>43E6FD2C18AE2F38004F709B</string>
				<string>43E6FD2B18AE2F2C004F709B</string>
				<string>43E6FD2A18AE2EE8004F709B</string>
				<string>43E6FD2918AE2EDB004F709B</string>
				<string>43E6FD2818AE2ED1004F709B</string>
				<string>929E014F189BA45900694030</string>
				<string>92A53D2718ACFA580047DA1E</string>
				<string>92A53D0718ACD2FC0047DA1E</string>
				<string>929E014B189B9E0800694030</string>
				<string>92138DC4189260B1000488BC</string>
				<string>92138DC5189260B1000488BC</string>
				<string>92A53D0418ACC24D0047DA1E</string>
				<string>92A53D0518ACC24D0047DA1E</string>
				<string>92138DD0189260B2000488BC</string>
				<string>92138DBC189260B1000488BC</string>
			</array>
			<key>isa</key>
			<string>PBXGroup</string>
			<key>path</key>
			<string>IUTUnice</string>
			<key>sourceTree</key>
			<string>&lt;group&gt;</string>
		</dict>
		<key>92138DBC189260B1000488BC</key>
		<dict>
			<key>children</key>
			<array>
				<string>92138DBD189260B1000488BC</string>
				<string>92138DBE189260B1000488BC</string>
				<string>92138DC1189260B1000488BC</string>
				<string>92138DC3189260B1000488BC</string>
			</array>
			<key>isa</key>
			<string>PBXGroup</string>
			<key>name</key>
			<string>Supporting Files</string>
			<key>sourceTree</key>
			<string>&lt;group&gt;</string>
		</dict>
		<key>92138DBD189260B1000488BC</key>
		<dict>
			<key>isa</key>
			<string>PBXFileReference</string>
			<key>lastKnownFileType</key>
			<string>text.plist.xml</string>
			<key>path</key>
			<string>IUTUnice-Info.plist</string>
			<key>sourceTree</key>
			<string>&lt;group&gt;</string>
		</dict>
		<key>92138DBE189260B1000488BC</key>
		<dict>
			<key>children</key>
			<array>
				<string>92138DBF189260B1000488BC</string>
			</array>
			<key>isa</key>
			<string>PBXVariantGroup</string>
			<key>name</key>
			<string>InfoPlist.strings</string>
			<key>sourceTree</key>
			<string>&lt;group&gt;</string>
		</dict>
		<key>92138DBF189260B1000488BC</key>
		<dict>
			<key>isa</key>
			<string>PBXFileReference</string>
			<key>lastKnownFileType</key>
			<string>text.plist.strings</string>
			<key>name</key>
			<string>en</string>
			<key>path</key>
			<string>en.lproj/InfoPlist.strings</string>
			<key>sourceTree</key>
			<string>&lt;group&gt;</string>
		</dict>
		<key>92138DC0189260B1000488BC</key>
		<dict>
			<key>fileRef</key>
			<string>92138DBE189260B1000488BC</string>
			<key>isa</key>
			<string>PBXBuildFile</string>
		</dict>
		<key>92138DC1189260B1000488BC</key>
		<dict>
			<key>isa</key>
			<string>PBXFileReference</string>
			<key>lastKnownFileType</key>
			<string>sourcecode.c.objc</string>
			<key>path</key>
			<string>main.m</string>
			<key>sourceTree</key>
			<string>&lt;group&gt;</string>
		</dict>
		<key>92138DC2189260B1000488BC</key>
		<dict>
			<key>fileRef</key>
			<string>92138DC1189260B1000488BC</string>
			<key>isa</key>
			<string>PBXBuildFile</string>
		</dict>
		<key>92138DC3189260B1000488BC</key>
		<dict>
			<key>isa</key>
			<string>PBXFileReference</string>
			<key>lastKnownFileType</key>
			<string>sourcecode.c.h</string>
			<key>path</key>
			<string>IUTUnice-Prefix.pch</string>
			<key>sourceTree</key>
			<string>&lt;group&gt;</string>
		</dict>
		<key>92138DC4189260B1000488BC</key>
		<dict>
			<key>isa</key>
			<string>PBXFileReference</string>
			<key>lastKnownFileType</key>
			<string>sourcecode.c.h</string>
			<key>path</key>
			<string>AppDelegate.h</string>
			<key>sourceTree</key>
			<string>&lt;group&gt;</string>
		</dict>
		<key>92138DC5189260B1000488BC</key>
		<dict>
			<key>isa</key>
			<string>PBXFileReference</string>
			<key>lastKnownFileType</key>
			<string>sourcecode.c.objc</string>
			<key>path</key>
			<string>AppDelegate.m</string>
			<key>sourceTree</key>
			<string>&lt;group&gt;</string>
		</dict>
		<key>92138DC6189260B1000488BC</key>
		<dict>
			<key>fileRef</key>
			<string>92138DC5189260B1000488BC</string>
			<key>isa</key>
			<string>PBXBuildFile</string>
		</dict>
		<key>92138DD0189260B2000488BC</key>
		<dict>
			<key>isa</key>
			<string>PBXFileReference</string>
			<key>lastKnownFileType</key>
			<string>folder.assetcatalog</string>
			<key>path</key>
			<string>Images.xcassets</string>
			<key>sourceTree</key>
			<string>&lt;group&gt;</string>
		</dict>
		<key>92138DD1189260B2000488BC</key>
		<dict>
			<key>fileRef</key>
			<string>92138DD0189260B2000488BC</string>
			<key>isa</key>
			<string>PBXBuildFile</string>
		</dict>
		<key>92138DD2189260B2000488BC</key>
		<dict>
			<key>buildActionMask</key>
			<string>2147483647</string>
			<key>files</key>
			<array>
				<string>92138DE4189260B2000488BC</string>
			</array>
			<key>isa</key>
			<string>PBXSourcesBuildPhase</string>
			<key>runOnlyForDeploymentPostprocessing</key>
			<string>0</string>
		</dict>
		<key>92138DD3189260B2000488BC</key>
		<dict>
			<key>buildActionMask</key>
			<string>2147483647</string>
			<key>files</key>
			<array>
				<string>92138DD8189260B2000488BC</string>
				<string>92138DDA189260B2000488BC</string>
				<string>92138DD9189260B2000488BC</string>
			</array>
			<key>isa</key>
			<string>PBXFrameworksBuildPhase</string>
			<key>runOnlyForDeploymentPostprocessing</key>
			<string>0</string>
		</dict>
		<key>92138DD4189260B2000488BC</key>
		<dict>
			<key>buildActionMask</key>
			<string>2147483647</string>
			<key>files</key>
			<array>
				<string>92138DE2189260B2000488BC</string>
			</array>
			<key>isa</key>
			<string>PBXResourcesBuildPhase</string>
			<key>runOnlyForDeploymentPostprocessing</key>
			<string>0</string>
		</dict>
		<key>92138DD5189260B2000488BC</key>
		<dict>
			<key>buildConfigurationList</key>
			<string>92138DEA189260B2000488BC</string>
			<key>buildPhases</key>
			<array>
				<string>92138DD2189260B2000488BC</string>
				<string>92138DD3189260B2000488BC</string>
				<string>92138DD4189260B2000488BC</string>
			</array>
			<key>buildRules</key>
			<array/>
			<key>dependencies</key>
			<array>
				<string>92138DDC189260B2000488BC</string>
			</array>
			<key>isa</key>
			<string>PBXNativeTarget</string>
			<key>name</key>
			<string>IUTUniceTests</string>
			<key>productName</key>
			<string>IUTUniceTests</string>
			<key>productReference</key>
			<string>92138DD6189260B2000488BC</string>
			<key>productType</key>
			<string>com.apple.product-type.bundle.unit-test</string>
		</dict>
		<key>92138DD6189260B2000488BC</key>
		<dict>
			<key>explicitFileType</key>
			<string>wrapper.cfbundle</string>
			<key>includeInIndex</key>
			<string>0</string>
			<key>isa</key>
			<string>PBXFileReference</string>
			<key>path</key>
			<string>IUTUniceTests.xctest</string>
			<key>sourceTree</key>
			<string>BUILT_PRODUCTS_DIR</string>
		</dict>
		<key>92138DD7189260B2000488BC</key>
		<dict>
			<key>isa</key>
			<string>PBXFileReference</string>
			<key>lastKnownFileType</key>
			<string>wrapper.framework</string>
			<key>name</key>
			<string>XCTest.framework</string>
			<key>path</key>
			<string>Library/Frameworks/XCTest.framework</string>
			<key>sourceTree</key>
			<string>DEVELOPER_DIR</string>
		</dict>
		<key>92138DD8189260B2000488BC</key>
		<dict>
			<key>fileRef</key>
			<string>92138DD7189260B2000488BC</string>
			<key>isa</key>
			<string>PBXBuildFile</string>
		</dict>
		<key>92138DD9189260B2000488BC</key>
		<dict>
			<key>fileRef</key>
			<string>92138DB5189260B1000488BC</string>
			<key>isa</key>
			<string>PBXBuildFile</string>
		</dict>
		<key>92138DDA189260B2000488BC</key>
		<dict>
			<key>fileRef</key>
			<string>92138DB9189260B1000488BC</string>
			<key>isa</key>
			<string>PBXBuildFile</string>
		</dict>
		<key>92138DDB189260B2000488BC</key>
		<dict>
			<key>containerPortal</key>
			<string>92138DAA189260B1000488BC</string>
			<key>isa</key>
			<string>PBXContainerItemProxy</string>
			<key>proxyType</key>
			<string>1</string>
			<key>remoteGlobalIDString</key>
			<string>92138DB1189260B1000488BC</string>
			<key>remoteInfo</key>
			<string>IUTUnice</string>
		</dict>
		<key>92138DDC189260B2000488BC</key>
		<dict>
			<key>isa</key>
			<string>PBXTargetDependency</string>
			<key>target</key>
			<string>92138DB1189260B1000488BC</string>
			<key>targetProxy</key>
			<string>92138DDB189260B2000488BC</string>
		</dict>
		<key>92138DDD189260B2000488BC</key>
		<dict>
			<key>children</key>
			<array>
				<string>92138DE3189260B2000488BC</string>
				<string>92138DDE189260B2000488BC</string>
			</array>
			<key>isa</key>
			<string>PBXGroup</string>
			<key>path</key>
			<string>IUTUniceTests</string>
			<key>sourceTree</key>
			<string>&lt;group&gt;</string>
		</dict>
		<key>92138DDE189260B2000488BC</key>
		<dict>
			<key>children</key>
			<array>
				<string>92138DDF189260B2000488BC</string>
				<string>92138DE0189260B2000488BC</string>
			</array>
			<key>isa</key>
			<string>PBXGroup</string>
			<key>name</key>
			<string>Supporting Files</string>
			<key>sourceTree</key>
			<string>&lt;group&gt;</string>
		</dict>
		<key>92138DDF189260B2000488BC</key>
		<dict>
			<key>isa</key>
			<string>PBXFileReference</string>
			<key>lastKnownFileType</key>
			<string>text.plist.xml</string>
			<key>path</key>
			<string>IUTUniceTests-Info.plist</string>
			<key>sourceTree</key>
			<string>&lt;group&gt;</string>
		</dict>
		<key>92138DE0189260B2000488BC</key>
		<dict>
			<key>children</key>
			<array>
				<string>92138DE1189260B2000488BC</string>
			</array>
			<key>isa</key>
			<string>PBXVariantGroup</string>
			<key>name</key>
			<string>InfoPlist.strings</string>
			<key>sourceTree</key>
			<string>&lt;group&gt;</string>
		</dict>
		<key>92138DE1189260B2000488BC</key>
		<dict>
			<key>isa</key>
			<string>PBXFileReference</string>
			<key>lastKnownFileType</key>
			<string>text.plist.strings</string>
			<key>name</key>
			<string>en</string>
			<key>path</key>
			<string>en.lproj/InfoPlist.strings</string>
			<key>sourceTree</key>
			<string>&lt;group&gt;</string>
		</dict>
		<key>92138DE2189260B2000488BC</key>
		<dict>
			<key>fileRef</key>
			<string>92138DE0189260B2000488BC</string>
			<key>isa</key>
			<string>PBXBuildFile</string>
		</dict>
		<key>92138DE3189260B2000488BC</key>
		<dict>
			<key>isa</key>
			<string>PBXFileReference</string>
			<key>lastKnownFileType</key>
			<string>sourcecode.c.objc</string>
			<key>path</key>
			<string>IUTUniceTests.m</string>
			<key>sourceTree</key>
			<string>&lt;group&gt;</string>
		</dict>
		<key>92138DE4189260B2000488BC</key>
		<dict>
			<key>fileRef</key>
			<string>92138DE3189260B2000488BC</string>
			<key>isa</key>
			<string>PBXBuildFile</string>
		</dict>
		<key>92138DE5189260B2000488BC</key>
		<dict>
			<key>buildSettings</key>
			<dict>
				<key>ALWAYS_SEARCH_USER_PATHS</key>
				<string>NO</string>
				<key>ARCHS</key>
				<string>$(ARCHS_STANDARD_INCLUDING_64_BIT)</string>
				<key>CLANG_CXX_LANGUAGE_STANDARD</key>
				<string>gnu++0x</string>
				<key>CLANG_CXX_LIBRARY</key>
				<string>libc++</string>
				<key>CLANG_ENABLE_MODULES</key>
				<string>YES</string>
				<key>CLANG_ENABLE_OBJC_ARC</key>
				<string>YES</string>
				<key>CLANG_WARN_BOOL_CONVERSION</key>
				<string>YES</string>
				<key>CLANG_WARN_CONSTANT_CONVERSION</key>
				<string>YES</string>
				<key>CLANG_WARN_DIRECT_OBJC_ISA_USAGE</key>
				<string>YES_ERROR</string>
				<key>CLANG_WARN_EMPTY_BODY</key>
				<string>YES</string>
				<key>CLANG_WARN_ENUM_CONVERSION</key>
				<string>YES</string>
				<key>CLANG_WARN_INT_CONVERSION</key>
				<string>YES</string>
				<key>CLANG_WARN_OBJC_ROOT_CLASS</key>
				<string>YES_ERROR</string>
				<key>CLANG_WARN__DUPLICATE_METHOD_MATCH</key>
				<string>YES</string>
				<key>CODE_SIGN_IDENTITY[sdk=iphoneos*]</key>
				<string>iPhone Developer</string>
				<key>COPY_PHASE_STRIP</key>
				<string>NO</string>
				<key>GCC_C_LANGUAGE_STANDARD</key>
				<string>gnu99</string>
				<key>GCC_DYNAMIC_NO_PIC</key>
				<string>NO</string>
				<key>GCC_OPTIMIZATION_LEVEL</key>
				<string>0</string>
				<key>GCC_PREPROCESSOR_DEFINITIONS</key>
				<array>
					<string>DEBUG=1</string>
					<string>$(inherited)</string>
				</array>
				<key>GCC_SYMBOLS_PRIVATE_EXTERN</key>
				<string>NO</string>
				<key>GCC_WARN_64_TO_32_BIT_CONVERSION</key>
				<string>YES</string>
				<key>GCC_WARN_ABOUT_RETURN_TYPE</key>
				<string>YES_ERROR</string>
				<key>GCC_WARN_UNDECLARED_SELECTOR</key>
				<string>YES</string>
				<key>GCC_WARN_UNINITIALIZED_AUTOS</key>
				<string>YES</string>
				<key>GCC_WARN_UNUSED_FUNCTION</key>
				<string>YES</string>
				<key>GCC_WARN_UNUSED_VARIABLE</key>
				<string>YES</string>
				<key>IPHONEOS_DEPLOYMENT_TARGET</key>
				<string>7.0</string>
				<key>ONLY_ACTIVE_ARCH</key>
				<string>YES</string>
				<key>SDKROOT</key>
				<string>iphoneos</string>
				<key>TARGETED_DEVICE_FAMILY</key>
				<string>1,2</string>
			</dict>
			<key>isa</key>
			<string>XCBuildConfiguration</string>
			<key>name</key>
			<string>Debug</string>
		</dict>
		<key>92138DE6189260B2000488BC</key>
		<dict>
			<key>buildSettings</key>
			<dict>
				<key>ALWAYS_SEARCH_USER_PATHS</key>
				<string>NO</string>
				<key>ARCHS</key>
				<string>$(ARCHS_STANDARD_INCLUDING_64_BIT)</string>
				<key>CLANG_CXX_LANGUAGE_STANDARD</key>
				<string>gnu++0x</string>
				<key>CLANG_CXX_LIBRARY</key>
				<string>libc++</string>
				<key>CLANG_ENABLE_MODULES</key>
				<string>YES</string>
				<key>CLANG_ENABLE_OBJC_ARC</key>
				<string>YES</string>
				<key>CLANG_WARN_BOOL_CONVERSION</key>
				<string>YES</string>
				<key>CLANG_WARN_CONSTANT_CONVERSION</key>
				<string>YES</string>
				<key>CLANG_WARN_DIRECT_OBJC_ISA_USAGE</key>
				<string>YES_ERROR</string>
				<key>CLANG_WARN_EMPTY_BODY</key>
				<string>YES</string>
				<key>CLANG_WARN_ENUM_CONVERSION</key>
				<string>YES</string>
				<key>CLANG_WARN_INT_CONVERSION</key>
				<string>YES</string>
				<key>CLANG_WARN_OBJC_ROOT_CLASS</key>
				<string>YES_ERROR</string>
				<key>CLANG_WARN__DUPLICATE_METHOD_MATCH</key>
				<string>YES</string>
				<key>CODE_SIGN_IDENTITY[sdk=iphoneos*]</key>
				<string>iPhone Developer</string>
				<key>COPY_PHASE_STRIP</key>
				<string>YES</string>
				<key>ENABLE_NS_ASSERTIONS</key>
				<string>NO</string>
				<key>GCC_C_LANGUAGE_STANDARD</key>
				<string>gnu99</string>
				<key>GCC_WARN_64_TO_32_BIT_CONVERSION</key>
				<string>YES</string>
				<key>GCC_WARN_ABOUT_RETURN_TYPE</key>
				<string>YES_ERROR</string>
				<key>GCC_WARN_UNDECLARED_SELECTOR</key>
				<string>YES</string>
				<key>GCC_WARN_UNINITIALIZED_AUTOS</key>
				<string>YES</string>
				<key>GCC_WARN_UNUSED_FUNCTION</key>
				<string>YES</string>
				<key>GCC_WARN_UNUSED_VARIABLE</key>
				<string>YES</string>
				<key>IPHONEOS_DEPLOYMENT_TARGET</key>
				<string>7.0</string>
				<key>SDKROOT</key>
				<string>iphoneos</string>
				<key>TARGETED_DEVICE_FAMILY</key>
				<string>1,2</string>
				<key>VALIDATE_PRODUCT</key>
				<string>YES</string>
			</dict>
			<key>isa</key>
			<string>XCBuildConfiguration</string>
			<key>name</key>
			<string>Release</string>
		</dict>
		<key>92138DE7189260B2000488BC</key>
		<dict>
			<key>buildConfigurations</key>
			<array>
				<string>92138DE8189260B2000488BC</string>
				<string>92138DE9189260B2000488BC</string>
			</array>
			<key>defaultConfigurationIsVisible</key>
			<string>0</string>
			<key>defaultConfigurationName</key>
			<string>Release</string>
			<key>isa</key>
			<string>XCConfigurationList</string>
		</dict>
		<key>92138DE8189260B2000488BC</key>
		<dict>
			<key>baseConfigurationReference</key>
			<string>1C52802A03B34C639CF2F6D8</string>
			<key>buildSettings</key>
			<dict>
				<key>ASSETCATALOG_COMPILER_APPICON_NAME</key>
				<string>AppIcon-2</string>
				<key>ASSETCATALOG_COMPILER_LAUNCHIMAGE_NAME</key>
				<string>LaunchImage</string>
				<key>GCC_PRECOMPILE_PREFIX_HEADER</key>
				<string>YES</string>
				<key>GCC_PREFIX_HEADER</key>
				<string>IUTUnice/IUTUnice-Prefix.pch</string>
				<key>INFOPLIST_FILE</key>
				<string>IUTUnice/IUTUnice-Info.plist</string>
				<key>PRODUCT_NAME</key>
				<string>$(TARGET_NAME)</string>
				<key>WRAPPER_EXTENSION</key>
				<string>app</string>
			</dict>
			<key>isa</key>
			<string>XCBuildConfiguration</string>
			<key>name</key>
			<string>Debug</string>
		</dict>
		<key>92138DE9189260B2000488BC</key>
		<dict>
			<key>baseConfigurationReference</key>
			<string>1C52802A03B34C639CF2F6D8</string>
			<key>buildSettings</key>
			<dict>
				<key>ASSETCATALOG_COMPILER_APPICON_NAME</key>
				<string>AppIcon-2</string>
				<key>ASSETCATALOG_COMPILER_LAUNCHIMAGE_NAME</key>
				<string>LaunchImage</string>
				<key>GCC_PRECOMPILE_PREFIX_HEADER</key>
				<string>YES</string>
				<key>GCC_PREFIX_HEADER</key>
				<string>IUTUnice/IUTUnice-Prefix.pch</string>
				<key>INFOPLIST_FILE</key>
				<string>IUTUnice/IUTUnice-Info.plist</string>
				<key>PRODUCT_NAME</key>
				<string>$(TARGET_NAME)</string>
				<key>WRAPPER_EXTENSION</key>
				<string>app</string>
			</dict>
			<key>isa</key>
			<string>XCBuildConfiguration</string>
			<key>name</key>
			<string>Release</string>
		</dict>
		<key>92138DEA189260B2000488BC</key>
		<dict>
			<key>buildConfigurations</key>
			<array>
				<string>92138DEB189260B2000488BC</string>
				<string>92138DEC189260B2000488BC</string>
			</array>
			<key>defaultConfigurationIsVisible</key>
			<string>0</string>
			<key>defaultConfigurationName</key>
			<string>Release</string>
			<key>isa</key>
			<string>XCConfigurationList</string>
		</dict>
		<key>92138DEB189260B2000488BC</key>
		<dict>
			<key>buildSettings</key>
			<dict>
				<key>ARCHS</key>
				<string>$(ARCHS_STANDARD_INCLUDING_64_BIT)</string>
				<key>BUNDLE_LOADER</key>
				<string>$(BUILT_PRODUCTS_DIR)/IUTUnice.app/IUTUnice</string>
				<key>FRAMEWORK_SEARCH_PATHS</key>
				<array>
					<string>$(SDKROOT)/Developer/Library/Frameworks</string>
					<string>$(inherited)</string>
					<string>$(DEVELOPER_FRAMEWORKS_DIR)</string>
				</array>
				<key>GCC_PRECOMPILE_PREFIX_HEADER</key>
				<string>YES</string>
				<key>GCC_PREFIX_HEADER</key>
				<string>IUTUnice/IUTUnice-Prefix.pch</string>
				<key>GCC_PREPROCESSOR_DEFINITIONS</key>
				<array>
					<string>DEBUG=1</string>
					<string>$(inherited)</string>
				</array>
				<key>INFOPLIST_FILE</key>
				<string>IUTUniceTests/IUTUniceTests-Info.plist</string>
				<key>PRODUCT_NAME</key>
				<string>$(TARGET_NAME)</string>
				<key>TEST_HOST</key>
				<string>$(BUNDLE_LOADER)</string>
				<key>WRAPPER_EXTENSION</key>
				<string>xctest</string>
			</dict>
			<key>isa</key>
			<string>XCBuildConfiguration</string>
			<key>name</key>
			<string>Debug</string>
		</dict>
		<key>92138DEC189260B2000488BC</key>
		<dict>
			<key>buildSettings</key>
			<dict>
				<key>ARCHS</key>
				<string>$(ARCHS_STANDARD_INCLUDING_64_BIT)</string>
				<key>BUNDLE_LOADER</key>
				<string>$(BUILT_PRODUCTS_DIR)/IUTUnice.app/IUTUnice</string>
				<key>FRAMEWORK_SEARCH_PATHS</key>
				<array>
					<string>$(SDKROOT)/Developer/Library/Frameworks</string>
					<string>$(inherited)</string>
					<string>$(DEVELOPER_FRAMEWORKS_DIR)</string>
				</array>
				<key>GCC_PRECOMPILE_PREFIX_HEADER</key>
				<string>YES</string>
				<key>GCC_PREFIX_HEADER</key>
				<string>IUTUnice/IUTUnice-Prefix.pch</string>
				<key>INFOPLIST_FILE</key>
				<string>IUTUniceTests/IUTUniceTests-Info.plist</string>
				<key>PRODUCT_NAME</key>
				<string>$(TARGET_NAME)</string>
				<key>TEST_HOST</key>
				<string>$(BUNDLE_LOADER)</string>
				<key>WRAPPER_EXTENSION</key>
				<string>xctest</string>
			</dict>
			<key>isa</key>
			<string>XCBuildConfiguration</string>
			<key>name</key>
			<string>Release</string>
		</dict>
		<key>92139A8318B74D2700FF0157</key>
		<dict>
			<key>fileEncoding</key>
			<string>4</string>
			<key>isa</key>
			<string>PBXFileReference</string>
			<key>lastKnownFileType</key>
			<string>sourcecode.c.h</string>
			<key>path</key>
			<string>FormationDetailViewController.h</string>
			<key>sourceTree</key>
			<string>&lt;group&gt;</string>
		</dict>
		<key>92139A8418B74D2700FF0157</key>
		<dict>
			<key>fileEncoding</key>
			<string>4</string>
			<key>isa</key>
			<string>PBXFileReference</string>
			<key>lastKnownFileType</key>
			<string>sourcecode.c.objc</string>
			<key>path</key>
			<string>FormationDetailViewController.m</string>
			<key>sourceTree</key>
			<string>&lt;group&gt;</string>
		</dict>
		<key>92139A8518B74D2700FF0157</key>
		<dict>
			<key>fileEncoding</key>
			<string>4</string>
			<key>isa</key>
			<string>PBXFileReference</string>
			<key>lastKnownFileType</key>
			<string>file.xib</string>
			<key>path</key>
			<string>FormationDetailViewController.xib</string>
			<key>sourceTree</key>
			<string>&lt;group&gt;</string>
		</dict>
		<key>92139A8618B74D2700FF0157</key>
		<dict>
			<key>fileRef</key>
			<string>92139A8418B74D2700FF0157</string>
			<key>isa</key>
			<string>PBXBuildFile</string>
		</dict>
		<key>92139A8718B74D2700FF0157</key>
		<dict>
			<key>fileRef</key>
			<string>92139A8518B74D2700FF0157</string>
			<key>isa</key>
			<string>PBXBuildFile</string>
		</dict>
		<key>9246DA1518A513BD0087E126</key>
		<dict>
			<key>isa</key>
			<string>PBXFileReference</string>
			<key>lastKnownFileType</key>
			<string>image.png</string>
			<key>path</key>
			<string>settings-24-512.png</string>
			<key>sourceTree</key>
			<string>&lt;group&gt;</string>
		</dict>
		<key>9246DA1618A513BD0087E126</key>
		<dict>
			<key>fileRef</key>
			<string>9246DA1518A513BD0087E126</string>
			<key>isa</key>
			<string>PBXBuildFile</string>
		</dict>
		<key>9246DA1718A516BB0087E126</key>
		<dict>
			<key>isa</key>
			<string>PBXFileReference</string>
			<key>lastKnownFileType</key>
			<string>image.png</string>
			<key>path</key>
			<string>Twitter_logo_blue.png</string>
			<key>sourceTree</key>
			<string>&lt;group&gt;</string>
		</dict>
		<key>9246DA1818A516BB0087E126</key>
		<dict>
			<key>fileRef</key>
			<string>9246DA1718A516BB0087E126</string>
			<key>isa</key>
			<string>PBXBuildFile</string>
		</dict>
		<key>9257A1A518AE309900CDECF4</key>
		<dict>
			<key>isa</key>
			<string>PBXFileReference</string>
			<key>lastKnownFileType</key>
			<string>image.png</string>
			<key>path</key>
			<string>appBackground.png</string>
			<key>sourceTree</key>
			<string>&lt;group&gt;</string>
		</dict>
		<key>9257A1A618AE309900CDECF4</key>
		<dict>
			<key>fileRef</key>
			<string>9257A1A518AE309900CDECF4</string>
			<key>isa</key>
			<string>PBXBuildFile</string>
		</dict>
		<key>9257A1AC18AE3E5500CDECF4</key>
		<dict>
			<key>fileEncoding</key>
			<string>4</string>
			<key>isa</key>
			<string>PBXFileReference</string>
			<key>lastKnownFileType</key>
			<string>sourcecode.c.h</string>
			<key>path</key>
			<string>FormationListViewController.h</string>
			<key>sourceTree</key>
			<string>&lt;group&gt;</string>
		</dict>
		<key>9257A1AD18AE3E5500CDECF4</key>
		<dict>
			<key>fileEncoding</key>
			<string>4</string>
			<key>isa</key>
			<string>PBXFileReference</string>
			<key>lastKnownFileType</key>
			<string>sourcecode.c.objc</string>
			<key>path</key>
			<string>FormationListViewController.m</string>
			<key>sourceTree</key>
			<string>&lt;group&gt;</string>
		</dict>
		<key>9257A1AE18AE3E5500CDECF4</key>
		<dict>
			<key>fileEncoding</key>
			<string>4</string>
			<key>isa</key>
			<string>PBXFileReference</string>
			<key>lastKnownFileType</key>
			<string>file.xib</string>
			<key>path</key>
			<string>FormationListViewController.xib</string>
			<key>sourceTree</key>
			<string>&lt;group&gt;</string>
		</dict>
		<key>9257A1AF18AE3E5500CDECF4</key>
		<dict>
			<key>fileRef</key>
			<string>9257A1AD18AE3E5500CDECF4</string>
			<key>isa</key>
			<string>PBXBuildFile</string>
		</dict>
		<key>9257A1B018AE3E5500CDECF4</key>
		<dict>
			<key>fileRef</key>
			<string>9257A1AE18AE3E5500CDECF4</string>
			<key>isa</key>
			<string>PBXBuildFile</string>
		</dict>
		<key>929E0146189B9BC900694030</key>
		<dict>
			<key>fileEncoding</key>
			<string>4</string>
			<key>isa</key>
			<string>PBXFileReference</string>
			<key>lastKnownFileType</key>
			<string>sourcecode.c.h</string>
			<key>path</key>
			<string>MainMenuViewController.h</string>
			<key>sourceTree</key>
			<string>&lt;group&gt;</string>
		</dict>
		<key>929E0147189B9BC900694030</key>
		<dict>
			<key>fileEncoding</key>
			<string>4</string>
			<key>isa</key>
			<string>PBXFileReference</string>
			<key>lastKnownFileType</key>
			<string>sourcecode.c.objc</string>
			<key>path</key>
			<string>MainMenuViewController.m</string>
			<key>sourceTree</key>
			<string>&lt;group&gt;</string>
		</dict>
		<key>929E0148189B9BC900694030</key>
		<dict>
			<key>fileEncoding</key>
			<string>4</string>
			<key>isa</key>
			<string>PBXFileReference</string>
			<key>lastKnownFileType</key>
			<string>file.xib</string>
			<key>path</key>
			<string>MainMenuViewController.xib</string>
			<key>sourceTree</key>
			<string>&lt;group&gt;</string>
		</dict>
		<key>929E0149189B9BC900694030</key>
		<dict>
			<key>fileRef</key>
			<string>929E0147189B9BC900694030</string>
			<key>isa</key>
			<string>PBXBuildFile</string>
		</dict>
		<key>929E014A189B9BC900694030</key>
		<dict>
			<key>fileRef</key>
			<string>929E0148189B9BC900694030</string>
			<key>isa</key>
			<string>PBXBuildFile</string>
		</dict>
		<key>929E014B189B9E0800694030</key>
		<dict>
			<key>children</key>
			<array>
				<string>929E0146189B9BC900694030</string>
				<string>929E0147189B9BC900694030</string>
				<string>929E0148189B9BC900694030</string>
			</array>
			<key>isa</key>
			<string>PBXGroup</string>
			<key>name</key>
			<string>MainPage</string>
			<key>sourceTree</key>
			<string>&lt;group&gt;</string>
		</dict>
		<key>929E014F189BA45900694030</key>
		<dict>
			<key>children</key>
			<array>
				<string>9257A1A518AE309900CDECF4</string>
				<string>92A53D3718AD0C8F0047DA1E</string>
				<string>92A53D2F18AD0BCD0047DA1E</string>
				<string>92A53D3018AD0BCD0047DA1E</string>
				<string>92A53D3118AD0BCD0047DA1E</string>
				<string>92A53D3218AD0BCD0047DA1E</string>
				<string>9246DA1718A516BB0087E126</string>
				<string>9246DA1518A513BD0087E126</string>
				<string>929E0151189BA45900694030</string>
				<string>929E0152189BA45900694030</string>
				<string>929E0153189BA45900694030</string>
				<string>929E0155189BA45900694030</string>
				<string>929E0159189BA45900694030</string>
				<string>929E015B189BA45900694030</string>
				<string>929E015F189BA45900694030</string>
				<string>929E0163189BA45900694030</string>
			</array>
			<key>isa</key>
			<string>PBXGroup</string>
			<key>path</key>
			<string>images</string>
			<key>sourceTree</key>
			<string>SOURCE_ROOT</string>
		</dict>
		<key>929E0151189BA45900694030</key>
		<dict>
			<key>isa</key>
			<string>PBXFileReference</string>
			<key>lastKnownFileType</key>
			<string>image.png</string>
			<key>path</key>
			<string>1383836124_college_3D.png</string>
			<key>sourceTree</key>
			<string>&lt;group&gt;</string>
		</dict>
		<key>929E0152189BA45900694030</key>
		<dict>
			<key>isa</key>
			<string>PBXFileReference</string>
			<key>lastKnownFileType</key>
			<string>image.png</string>
			<key>path</key>
			<string>1383836131_Library.png</string>
			<key>sourceTree</key>
			<string>&lt;group&gt;</string>
		</dict>
		<key>929E0153189BA45900694030</key>
		<dict>
			<key>isa</key>
			<string>PBXFileReference</string>
			<key>lastKnownFileType</key>
			<string>image.png</string>
			<key>path</key>
			<string>1383836150_calendar.png</string>
			<key>sourceTree</key>
			<string>&lt;group&gt;</string>
		</dict>
		<key>929E0155189BA45900694030</key>
		<dict>
			<key>isa</key>
			<string>PBXFileReference</string>
			<key>lastKnownFileType</key>
			<string>image.png</string>
			<key>path</key>
			<string>1383836168_Soccer_Ball.png</string>
			<key>sourceTree</key>
			<string>&lt;group&gt;</string>
		</dict>
		<key>929E0159189BA45900694030</key>
		<dict>
			<key>isa</key>
			<string>PBXFileReference</string>
			<key>lastKnownFileType</key>
			<string>image.png</string>
			<key>path</key>
			<string>1383836200_map-icon.png</string>
			<key>sourceTree</key>
			<string>&lt;group&gt;</string>
		</dict>
		<key>929E015B189BA45900694030</key>
		<dict>
			<key>isa</key>
			<string>PBXFileReference</string>
			<key>lastKnownFileType</key>
			<string>image.png</string>
			<key>path</key>
			<string>1383836248_addressbook.png</string>
			<key>sourceTree</key>
			<string>&lt;group&gt;</string>
		</dict>
		<key>929E015F189BA45900694030</key>
		<dict>
			<key>isa</key>
			<string>PBXFileReference</string>
			<key>lastKnownFileType</key>
			<string>image.png</string>
			<key>path</key>
			<string>1383836301_Manager.png</string>
			<key>sourceTree</key>
			<string>&lt;group&gt;</string>
		</dict>
		<key>929E0163189BA45900694030</key>
		<dict>
			<key>isa</key>
			<string>PBXFileReference</string>
			<key>lastKnownFileType</key>
			<string>image.png</string>
			<key>path</key>
			<string>1383836370_Test-paper-128.png</string>
			<key>sourceTree</key>
			<string>&lt;group&gt;</string>
		</dict>
		<key>929E0166189BA45900694030</key>
		<dict>
			<key>fileRef</key>
			<string>929E0151189BA45900694030</string>
			<key>isa</key>
			<string>PBXBuildFile</string>
		</dict>
		<key>929E0167189BA45900694030</key>
		<dict>
			<key>fileRef</key>
			<string>929E0152189BA45900694030</string>
			<key>isa</key>
			<string>PBXBuildFile</string>
		</dict>
		<key>929E0168189BA45900694030</key>
		<dict>
			<key>fileRef</key>
			<string>929E0153189BA45900694030</string>
			<key>isa</key>
			<string>PBXBuildFile</string>
		</dict>
		<key>929E016A189BA45900694030</key>
		<dict>
			<key>fileRef</key>
			<string>929E0155189BA45900694030</string>
			<key>isa</key>
			<string>PBXBuildFile</string>
		</dict>
		<key>929E016E189BA45900694030</key>
		<dict>
			<key>fileRef</key>
			<string>929E0159189BA45900694030</string>
			<key>isa</key>
			<string>PBXBuildFile</string>
		</dict>
		<key>929E0170189BA45900694030</key>
		<dict>
			<key>fileRef</key>
			<string>929E015B189BA45900694030</string>
			<key>isa</key>
			<string>PBXBuildFile</string>
		</dict>
		<key>929E0174189BA45900694030</key>
		<dict>
			<key>fileRef</key>
			<string>929E015F189BA45900694030</string>
			<key>isa</key>
			<string>PBXBuildFile</string>
		</dict>
		<key>929E0178189BA45900694030</key>
		<dict>
			<key>fileRef</key>
			<string>929E0163189BA45900694030</string>
			<key>isa</key>
			<string>PBXBuildFile</string>
		</dict>
		<key>92A53D0418ACC24D0047DA1E</key>
		<dict>
			<key>fileEncoding</key>
			<string>4</string>
			<key>isa</key>
			<string>PBXFileReference</string>
			<key>lastKnownFileType</key>
			<string>sourcecode.c.h</string>
			<key>path</key>
			<string>RootNavigationController.h</string>
			<key>sourceTree</key>
			<string>&lt;group&gt;</string>
		</dict>
		<key>92A53D0518ACC24D0047DA1E</key>
		<dict>
			<key>fileEncoding</key>
			<string>4</string>
			<key>isa</key>
			<string>PBXFileReference</string>
			<key>lastKnownFileType</key>
			<string>sourcecode.c.objc</string>
			<key>path</key>
			<string>RootNavigationController.m</string>
			<key>sourceTree</key>
			<string>&lt;group&gt;</string>
		</dict>
		<key>92A53D0618ACC24D0047DA1E</key>
		<dict>
			<key>fileRef</key>
			<string>92A53D0518ACC24D0047DA1E</string>
			<key>isa</key>
			<string>PBXBuildFile</string>
		</dict>
		<key>92A53D0718ACD2FC0047DA1E</key>
		<dict>
			<key>children</key>
			<array>
				<string>92A53D0818ACD3CC0047DA1E</string>
				<string>92A53D0918ACD3CC0047DA1E</string>
				<string>92A53D0A18ACD3CC0047DA1E</string>
				<string>9257A1AC18AE3E5500CDECF4</string>
				<string>9257A1AD18AE3E5500CDECF4</string>
				<string>9257A1AE18AE3E5500CDECF4</string>
				<string>92CC9CAF18B5FC65001D0E6E</string>
				<string>92CC9CB018B5FC65001D0E6E</string>
				<string>92139A8318B74D2700FF0157</string>
				<string>92139A8418B74D2700FF0157</string>
				<string>92139A8518B74D2700FF0157</string>
			</array>
			<key>isa</key>
			<string>PBXGroup</string>
			<key>name</key>
			<string>Vitrine</string>
			<key>sourceTree</key>
			<string>&lt;group&gt;</string>
		</dict>
		<key>92A53D0818ACD3CC0047DA1E</key>
		<dict>
			<key>fileEncoding</key>
			<string>4</string>
			<key>isa</key>
			<string>PBXFileReference</string>
			<key>lastKnownFileType</key>
			<string>sourcecode.c.h</string>
			<key>path</key>
			<string>VitrinePageViewController.h</string>
			<key>sourceTree</key>
			<string>&lt;group&gt;</string>
		</dict>
		<key>92A53D0918ACD3CC0047DA1E</key>
		<dict>
			<key>fileEncoding</key>
			<string>4</string>
			<key>isa</key>
			<string>PBXFileReference</string>
			<key>lastKnownFileType</key>
			<string>sourcecode.c.objc</string>
			<key>path</key>
			<string>VitrinePageViewController.m</string>
			<key>sourceTree</key>
			<string>&lt;group&gt;</string>
		</dict>
		<key>92A53D0A18ACD3CC0047DA1E</key>
		<dict>
			<key>fileEncoding</key>
			<string>4</string>
			<key>isa</key>
			<string>PBXFileReference</string>
			<key>lastKnownFileType</key>
			<string>file.xib</string>
			<key>path</key>
			<string>VitrinePageViewController.xib</string>
			<key>sourceTree</key>
			<string>&lt;group&gt;</string>
		</dict>
		<key>92A53D0B18ACD3CC0047DA1E</key>
		<dict>
			<key>fileRef</key>
			<string>92A53D0918ACD3CC0047DA1E</string>
			<key>isa</key>
			<string>PBXBuildFile</string>
		</dict>
		<key>92A53D0C18ACD3CC0047DA1E</key>
		<dict>
			<key>fileRef</key>
			<string>92A53D0A18ACD3CC0047DA1E</string>
			<key>isa</key>
			<string>PBXBuildFile</string>
		</dict>
		<key>92A53D2718ACFA580047DA1E</key>
		<dict>
			<key>children</key>
			<array>
				<string>92A53D2D18AD0B7B0047DA1E</string>
			</array>
			<key>isa</key>
			<string>PBXGroup</string>
			<key>name</key>
			<string>textfiles</string>
			<key>sourceTree</key>
			<string>&lt;group&gt;</string>
		</dict>
		<key>92A53D2D18AD0B7B0047DA1E</key>
		<dict>
			<key>fileEncoding</key>
			<string>4</string>
			<key>isa</key>
			<string>PBXFileReference</string>
			<key>lastKnownFileType</key>
			<string>text</string>
			<key>path</key>
			<string>descriptionIUT.txt</string>
			<key>sourceTree</key>
			<string>&lt;group&gt;</string>
		</dict>
		<key>92A53D2E18AD0B7B0047DA1E</key>
		<dict>
			<key>fileRef</key>
			<string>92A53D2D18AD0B7B0047DA1E</string>
			<key>isa</key>
			<string>PBXBuildFile</string>
		</dict>
		<key>92A53D2F18AD0BCD0047DA1E</key>
		<dict>
			<key>isa</key>
			<string>PBXFileReference</string>
			<key>lastKnownFileType</key>
			<string>image.jpeg</string>
			<key>path</key>
			<string>IUT MENTON195.JPG</string>
			<key>sourceTree</key>
			<string>&lt;group&gt;</string>
		</dict>
		<key>92A53D3018AD0BCD0047DA1E</key>
		<dict>
			<key>isa</key>
			<string>PBXFileReference</string>
			<key>lastKnownFileType</key>
			<string>image.jpeg</string>
			<key>path</key>
			<string>IUT NICE.JPG</string>
			<key>sourceTree</key>
			<string>&lt;group&gt;</string>
		</dict>
		<key>92A53D3118AD0BCD0047DA1E</key>
		<dict>
			<key>isa</key>
			<string>PBXFileReference</string>
			<key>lastKnownFileType</key>
			<string>image.jpeg</string>
			<key>path</key>
			<string>IUT NICE2.JPG</string>
			<key>sourceTree</key>
			<string>&lt;group&gt;</string>
		</dict>
		<key>92A53D3218AD0BCD0047DA1E</key>
		<dict>
			<key>isa</key>
			<string>PBXFileReference</string>
			<key>lastKnownFileType</key>
			<string>image.jpeg</string>
			<key>path</key>
			<string>IUT SOPHIA.JPG</string>
			<key>sourceTree</key>
			<string>&lt;group&gt;</string>
		</dict>
		<key>92A53D3318AD0BCD0047DA1E</key>
		<dict>
			<key>fileRef</key>
			<string>92A53D2F18AD0BCD0047DA1E</string>
			<key>isa</key>
			<string>PBXBuildFile</string>
		</dict>
		<key>92A53D3418AD0BCD0047DA1E</key>
		<dict>
			<key>fileRef</key>
			<string>92A53D3018AD0BCD0047DA1E</string>
			<key>isa</key>
			<string>PBXBuildFile</string>
		</dict>
		<key>92A53D3518AD0BCD0047DA1E</key>
		<dict>
			<key>fileRef</key>
			<string>92A53D3118AD0BCD0047DA1E</string>
			<key>isa</key>
			<string>PBXBuildFile</string>
		</dict>
		<key>92A53D3618AD0BCD0047DA1E</key>
		<dict>
			<key>fileRef</key>
			<string>92A53D3218AD0BCD0047DA1E</string>
			<key>isa</key>
			<string>PBXBuildFile</string>
		</dict>
		<key>92A53D3718AD0C8F0047DA1E</key>
		<dict>
			<key>isa</key>
			<string>PBXFileReference</string>
			<key>lastKnownFileType</key>
			<string>image.jpeg</string>
			<key>path</key>
			<string>menton.jpg</string>
			<key>sourceTree</key>
			<string>&lt;group&gt;</string>
		</dict>
		<key>92A53D3818AD0C8F0047DA1E</key>
		<dict>
			<key>fileRef</key>
			<string>92A53D3718AD0C8F0047DA1E</string>
			<key>isa</key>
			<string>PBXBuildFile</string>
		</dict>
		<key>92CC9CAF18B5FC65001D0E6E</key>
		<dict>
			<key>fileEncoding</key>
			<string>4</string>
			<key>isa</key>
			<string>PBXFileReference</string>
			<key>lastKnownFileType</key>
			<string>sourcecode.c.h</string>
			<key>path</key>
			<string>Formation.h</string>
			<key>sourceTree</key>
			<string>&lt;group&gt;</string>
		</dict>
		<key>92CC9CB018B5FC65001D0E6E</key>
		<dict>
			<key>fileEncoding</key>
			<string>4</string>
			<key>isa</key>
			<string>PBXFileReference</string>
			<key>lastKnownFileType</key>
			<string>sourcecode.c.objc</string>
			<key>path</key>
			<string>Formation.m</string>
			<key>sourceTree</key>
			<string>&lt;group&gt;</string>
		</dict>
		<key>92CC9CB118B5FC65001D0E6E</key>
		<dict>
			<key>fileRef</key>
			<string>92CC9CB018B5FC65001D0E6E</string>
			<key>isa</key>
			<string>PBXBuildFile</string>
		</dict>
		<key>D0D90B92A1624396950A50E8</key>
		<dict>
			<key>buildActionMask</key>
			<string>2147483647</string>
			<key>files</key>
			<array/>
			<key>inputPaths</key>
			<array/>
			<key>isa</key>
			<string>PBXShellScriptBuildPhase</string>
			<key>name</key>
			<string>Check Pods Manifest.lock</string>
			<key>outputPaths</key>
			<array/>
			<key>runOnlyForDeploymentPostprocessing</key>
			<string>0</string>
			<key>shellPath</key>
			<string>/bin/sh</string>
			<key>shellScript</key>
			<string>diff "${PODS_ROOT}/../Podfile.lock" "${PODS_ROOT}/Manifest.lock" &gt; /dev/null
if [[ $? != 0 ]] ; then
    cat &lt;&lt; EOM
error: The sandbox is not in sync with the Podfile.lock. Run 'pod install' or update your CocoaPods installation.
EOM
    exit 1
fi
</string>
			<key>showEnvVarsInLog</key>
			<string>0</string>
		</dict>
	</dict>
	<key>rootObject</key>
	<string>92138DAA189260B1000488BC</string>
</dict>
</plist>
